// !$*UTF8*$!
{
	archiveVersion = 1;
	classes = {
	};
	objectVersion = 46;
	objects = {

/* Begin PBXBuildFile section */
		21EE15AD1C31024100E2B015 /* 02.mp3 in Resources */ = {isa = PBXBuildFile; fileRef = 21EE15AA1C31024100E2B015 /* 02.mp3 */; };
		21EE15AE1C31024100E2B015 /* 03.mp3 in Resources */ = {isa = PBXBuildFile; fileRef = 21EE15AB1C31024100E2B015 /* 03.mp3 */; };
		21EE15AF1C31024100E2B015 /* 01.mp3 in Resources */ = {isa = PBXBuildFile; fileRef = 21EE15AC1C31024100E2B015 /* 01.mp3 */; };
		3DF0B7CD1C30C98D0071CCE8 /* AppDelegate.swift in Sources */ = {isa = PBXBuildFile; fileRef = 3DF0B7CC1C30C98D0071CCE8 /* AppDelegate.swift */; };
		3DF0B7CF1C30C98D0071CCE8 /* ViewController.swift in Sources */ = {isa = PBXBuildFile; fileRef = 3DF0B7CE1C30C98D0071CCE8 /* ViewController.swift */; };
		3DF0B7D21C30C98D0071CCE8 /* Main.storyboard in Resources */ = {isa = PBXBuildFile; fileRef = 3DF0B7D01C30C98D0071CCE8 /* Main.storyboard */; };
		3DF0B7D41C30C98D0071CCE8 /* Assets.xcassets in Resources */ = {isa = PBXBuildFile; fileRef = 3DF0B7D31C30C98D0071CCE8 /* Assets.xcassets */; };
		3DF0B7D71C30C98D0071CCE8 /* LaunchScreen.storyboard in Resources */ = {isa = PBXBuildFile; fileRef = 3DF0B7D51C30C98D0071CCE8 /* LaunchScreen.storyboard */; };
		3DF0B7E21C30C98D0071CCE8 /* reproductorTests.swift in Sources */ = {isa = PBXBuildFile; fileRef = 3DF0B7E11C30C98D0071CCE8 /* reproductorTests.swift */; };
		3DF0B7ED1C30C98D0071CCE8 /* reproductorUITests.swift in Sources */ = {isa = PBXBuildFile; fileRef = 3DF0B7EC1C30C98D0071CCE8 /* reproductorUITests.swift */; };
/* End PBXBuildFile section */

/* Begin PBXContainerItemProxy section */
		3DF0B7DE1C30C98D0071CCE8 /* PBXContainerItemProxy */ = {
			isa = PBXContainerItemProxy;
			containerPortal = 3DF0B7C11C30C98D0071CCE8 /* Project object */;
			proxyType = 1;
			remoteGlobalIDString = 3DF0B7C81C30C98D0071CCE8;
			remoteInfo = reproductor;
		};
		3DF0B7E91C30C98D0071CCE8 /* PBXContainerItemProxy */ = {
			isa = PBXContainerItemProxy;
			containerPortal = 3DF0B7C11C30C98D0071CCE8 /* Project object */;
			proxyType = 1;
			remoteGlobalIDString = 3DF0B7C81C30C98D0071CCE8;
			remoteInfo = reproductor;
		};
/* End PBXContainerItemProxy section */

/* Begin PBXFileReference section */
		21EE15AA1C31024100E2B015 /* 02.mp3 */ = {isa = PBXFileReference; lastKnownFileType = audio.mp3; path = 02.mp3; sourceTree = "<group>"; };
		21EE15AB1C31024100E2B015 /* 03.mp3 */ = {isa = PBXFileReference; lastKnownFileType = audio.mp3; path = 03.mp3; sourceTree = "<group>"; };
		21EE15AC1C31024100E2B015 /* 01.mp3 */ = {isa = PBXFileReference; lastKnownFileType = audio.mp3; path = 01.mp3; sourceTree = "<group>"; };
		3DF0B7C91C30C98D0071CCE8 /* reproductor.app */ = {isa = PBXFileReference; explicitFileType = wrapper.application; includeInIndex = 0; path = reproductor.app; sourceTree = BUILT_PRODUCTS_DIR; };
		3DF0B7CC1C30C98D0071CCE8 /* AppDelegate.swift */ = {isa = PBXFileReference; lastKnownFileType = sourcecode.swift; path = AppDelegate.swift; sourceTree = "<group>"; };
		3DF0B7CE1C30C98D0071CCE8 /* ViewController.swift */ = {isa = PBXFileReference; lastKnownFileType = sourcecode.swift; path = ViewController.swift; sourceTree = "<group>"; };
		3DF0B7D11C30C98D0071CCE8 /* Base */ = {isa = PBXFileReference; lastKnownFileType = file.storyboard; name = Base; path = Base.lproj/Main.storyboard; sourceTree = "<group>"; };
		3DF0B7D31C30C98D0071CCE8 /* Assets.xcassets */ = {isa = PBXFileReference; lastKnownFileType = folder.assetcatalog; path = Assets.xcassets; sourceTree = "<group>"; };
		3DF0B7D61C30C98D0071CCE8 /* Base */ = {isa = PBXFileReference; lastKnownFileType = file.storyboard; name = Base; path = Base.lproj/LaunchScreen.storyboard; sourceTree = "<group>"; };
		3DF0B7D81C30C98D0071CCE8 /* Info.plist */ = {isa = PBXFileReference; lastKnownFileType = text.plist.xml; path = Info.plist; sourceTree = "<group>"; };
		3DF0B7DD1C30C98D0071CCE8 /* reproductorTests.xctest */ = {isa = PBXFileReference; explicitFileType = wrapper.cfbundle; includeInIndex = 0; path = reproductorTests.xctest; sourceTree = BUILT_PRODUCTS_DIR; };
		3DF0B7E11C30C98D0071CCE8 /* reproductorTests.swift */ = {isa = PBXFileReference; lastKnownFileType = sourcecode.swift; path = reproductorTests.swift; sourceTree = "<group>"; };
		3DF0B7E31C30C98D0071CCE8 /* Info.plist */ = {isa = PBXFileReference; lastKnownFileType = text.plist.xml; path = Info.plist; sourceTree = "<group>"; };
		3DF0B7E81C30C98D0071CCE8 /* reproductorUITests.xctest */ = {isa = PBXFileReference; explicitFileType = wrapper.cfbundle; includeInIndex = 0; path = reproductorUITests.xctest; sourceTree = BUILT_PRODUCTS_DIR; };
		3DF0B7EC1C30C98D0071CCE8 /* reproductorUITests.swift */ = {isa = PBXFileReference; lastKnownFileType = sourcecode.swift; path = reproductorUITests.swift; sourceTree = "<group>"; };
		3DF0B7EE1C30C98D0071CCE8 /* Info.plist */ = {isa = PBXFileReference; lastKnownFileType = text.plist.xml; path = Info.plist; sourceTree = "<group>"; };
/* End PBXFileReference section */

/* Begin PBXFrameworksBuildPhase section */
		3DF0B7C61C30C98D0071CCE8 /* Frameworks */ = {
			isa = PBXFrameworksBuildPhase;
			buildActionMask = 2147483647;
			files = (
			);
			runOnlyForDeploymentPostprocessing = 0;
		};
		3DF0B7DA1C30C98D0071CCE8 /* Frameworks */ = {
			isa = PBXFrameworksBuildPhase;
			buildActionMask = 2147483647;
			files = (
			);
			runOnlyForDeploymentPostprocessing = 0;
		};
		3DF0B7E51C30C98D0071CCE8 /* Frameworks */ = {
			isa = PBXFrameworksBuildPhase;
			buildActionMask = 2147483647;
			files = (
			);
			runOnlyForDeploymentPostprocessing = 0;
		};
/* End PBXFrameworksBuildPhase section */

/* Begin PBXGroup section */
		3DF0B7C01C30C98D0071CCE8 = {
			isa = PBXGroup;
			children = (
				3DF0B7CB1C30C98D0071CCE8 /* reproductor */,
				3DF0B7E01C30C98D0071CCE8 /* reproductorTests */,
				3DF0B7EB1C30C98D0071CCE8 /* reproductorUITests */,
				3DF0B7CA1C30C98D0071CCE8 /* Products */,
			);
			sourceTree = "<group>";
		};
		3DF0B7CA1C30C98D0071CCE8 /* Products */ = {
			isa = PBXGroup;
			children = (
				3DF0B7C91C30C98D0071CCE8 /* reproductor.app */,
				3DF0B7DD1C30C98D0071CCE8 /* reproductorTests.xctest */,
				3DF0B7E81C30C98D0071CCE8 /* reproductorUITests.xctest */,
			);
			name = Products;
			sourceTree = "<group>";
		};
		3DF0B7CB1C30C98D0071CCE8 /* reproductor */ = {
			isa = PBXGroup;
			children = (
				3DF0B7CC1C30C98D0071CCE8 /* AppDelegate.swift */,
				21EE15AC1C31024100E2B015 /* 01.mp3 */,
				21EE15AA1C31024100E2B015 /* 02.mp3 */,
				21EE15AB1C31024100E2B015 /* 03.mp3 */,
				3DF0B7CE1C30C98D0071CCE8 /* ViewController.swift */,
				3DF0B7D01C30C98D0071CCE8 /* Main.storyboard */,
				3DF0B7D31C30C98D0071CCE8 /* Assets.xcassets */,
				3DF0B7D51C30C98D0071CCE8 /* LaunchScreen.storyboard */,
				3DF0B7D81C30C98D0071CCE8 /* Info.plist */,
			);
			path = reproductor;
			sourceTree = "<group>";
		};
		3DF0B7E01C30C98D0071CCE8 /* reproductorTests */ = {
			isa = PBXGroup;
			children = (
				3DF0B7E11C30C98D0071CCE8 /* reproductorTests.swift */,
				3DF0B7E31C30C98D0071CCE8 /* Info.plist */,
			);
			path = reproductorTests;
			sourceTree = "<group>";
		};
		3DF0B7EB1C30C98D0071CCE8 /* reproductorUITests */ = {
			isa = PBXGroup;
			children = (
				3DF0B7EC1C30C98D0071CCE8 /* reproductorUITests.swift */,
				3DF0B7EE1C30C98D0071CCE8 /* Info.plist */,
			);
			path = reproductorUITests;
			sourceTree = "<group>";
		};
/* End PBXGroup section */

/* Begin PBXNativeTarget section */
		3DF0B7C81C30C98D0071CCE8 /* reproductor */ = {
			isa = PBXNativeTarget;
			buildConfigurationList = 3DF0B7F11C30C98D0071CCE8 /* Build configuration list for PBXNativeTarget "reproductor" */;
			buildPhases = (
				3DF0B7C51C30C98D0071CCE8 /* Sources */,
				3DF0B7C61C30C98D0071CCE8 /* Frameworks */,
				3DF0B7C71C30C98D0071CCE8 /* Resources */,
			);
			buildRules = (
			);
			dependencies = (
			);
			name = reproductor;
			productName = reproductor;
			productReference = 3DF0B7C91C30C98D0071CCE8 /* reproductor.app */;
			productType = "com.apple.product-type.application";
		};
		3DF0B7DC1C30C98D0071CCE8 /* reproductorTests */ = {
			isa = PBXNativeTarget;
			buildConfigurationList = 3DF0B7F41C30C98D0071CCE8 /* Build configuration list for PBXNativeTarget "reproductorTests" */;
			buildPhases = (
				3DF0B7D91C30C98D0071CCE8 /* Sources */,
				3DF0B7DA1C30C98D0071CCE8 /* Frameworks */,
				3DF0B7DB1C30C98D0071CCE8 /* Resources */,
			);
			buildRules = (
			);
			dependencies = (
				3DF0B7DF1C30C98D0071CCE8 /* PBXTargetDependency */,
			);
			name = reproductorTests;
			productName = reproductorTests;
			productReference = 3DF0B7DD1C30C98D0071CCE8 /* reproductorTests.xctest */;
			productType = "com.apple.product-type.bundle.unit-test";
		};
		3DF0B7E71C30C98D0071CCE8 /* reproductorUITests */ = {
			isa = PBXNativeTarget;
			buildConfigurationList = 3DF0B7F71C30C98D0071CCE8 /* Build configuration list for PBXNativeTarget "reproductorUITests" */;
			buildPhases = (
				3DF0B7E41C30C98D0071CCE8 /* Sources */,
				3DF0B7E51C30C98D0071CCE8 /* Frameworks */,
				3DF0B7E61C30C98D0071CCE8 /* Resources */,
			);
			buildRules = (
			);
			dependencies = (
				3DF0B7EA1C30C98D0071CCE8 /* PBXTargetDependency */,
			);
			name = reproductorUITests;
			productName = reproductorUITests;
			productReference = 3DF0B7E81C30C98D0071CCE8 /* reproductorUITests.xctest */;
			productType = "com.apple.product-type.bundle.ui-testing";
		};
/* End PBXNativeTarget section */

/* Begin PBXProject section */
		3DF0B7C11C30C98D0071CCE8 /* Project object */ = {
			isa = PBXProject;
			attributes = {
				LastSwiftUpdateCheck = 0720;
				LastUpgradeCheck = 0720;
				ORGANIZATIONNAME = "antonio franco";
				TargetAttributes = {
					3DF0B7C81C30C98D0071CCE8 = {
						CreatedOnToolsVersion = 7.2;
					};
					3DF0B7DC1C30C98D0071CCE8 = {
						CreatedOnToolsVersion = 7.2;
						TestTargetID = 3DF0B7C81C30C98D0071CCE8;
					};
					3DF0B7E71C30C98D0071CCE8 = {
						CreatedOnToolsVersion = 7.2;
						TestTargetID = 3DF0B7C81C30C98D0071CCE8;
					};
				};
			};
			buildConfigurationList = 3DF0B7C41C30C98D0071CCE8 /* Build configuration list for PBXProject "reproductor" */;
			compatibilityVersion = "Xcode 3.2";
			developmentRegion = English;
			hasScannedForEncodings = 0;
			knownRegions = (
				en,
				Base,
			);
			mainGroup = 3DF0B7C01C30C98D0071CCE8;
			productRefGroup = 3DF0B7CA1C30C98D0071CCE8 /* Products */;
			projectDirPath = "";
			projectRoot = "";
			targets = (
				3DF0B7C81C30C98D0071CCE8 /* reproductor */,
				3DF0B7DC1C30C98D0071CCE8 /* reproductorTests */,
				3DF0B7E71C30C98D0071CCE8 /* reproductorUITests */,
			);
		};
/* End PBXProject section */

/* Begin PBXResourcesBuildPhase section */
		3DF0B7C71C30C98D0071CCE8 /* Resources */ = {
			isa = PBXResourcesBuildPhase;
			buildActionMask = 2147483647;
			files = (
				21EE15AF1C31024100E2B015 /* 01.mp3 in Resources */,
				3DF0B7D71C30C98D0071CCE8 /* LaunchScreen.storyboard in Resources */,
				3DF0B7D41C30C98D0071CCE8 /* Assets.xcassets in Resources */,
				3DF0B7D21C30C98D0071CCE8 /* Main.storyboard in Resources */,
				21EE15AD1C31024100E2B015 /* 02.mp3 in Resources */,
				21EE15AE1C31024100E2B015 /* 03.mp3 in Resources */,
			);
			runOnlyForDeploymentPostprocessing = 0;
		};
		3DF0B7DB1C30C98D0071CCE8 /* Resources */ = {
			isa = PBXResourcesBuildPhase;
			buildActionMask = 2147483647;
			files = (
			);
			runOnlyForDeploymentPostprocessing = 0;
		};
		3DF0B7E61C30C98D0071CCE8 /* Resources */ = {
			isa = PBXResourcesBuildPhase;
			buildActionMask = 2147483647;
			files = (
			);
			runOnlyForDeploymentPostprocessing = 0;
		};
/* End PBXResourcesBuildPhase section */

/* Begin PBXSourcesBuildPhase section */
		3DF0B7C51C30C98D0071CCE8 /* Sources */ = {
			isa = PBXSourcesBuildPhase;
			buildActionMask = 2147483647;
			files = (
				3DF0B7CF1C30C98D0071CCE8 /* ViewController.swift in Sources */,
				3DF0B7CD1C30C98D0071CCE8 /* AppDelegate.swift in Sources */,
			);
			runOnlyForDeploymentPostprocessing = 0;
		};
		3DF0B7D91C30C98D0071CCE8 /* Sources */ = {
			isa = PBXSourcesBuildPhase;
			buildActionMask = 2147483647;
			files = (
				3DF0B7E21C30C98D0071CCE8 /* reproductorTests.swift in Sources */,
			);
			runOnlyForDeploymentPostprocessing = 0;
		};
		3DF0B7E41C30C98D0071CCE8 /* Sources */ = {
			isa = PBXSourcesBuildPhase;
			buildActionMask = 2147483647;
			files = (
				3DF0B7ED1C30C98D0071CCE8 /* reproductorUITests.swift in Sources */,
			);
			runOnlyForDeploymentPostprocessing = 0;
		};
/* End PBXSourcesBuildPhase section */

/* Begin PBXTargetDependency section */
		3DF0B7DF1C30C98D0071CCE8 /* PBXTargetDependency */ = {
			isa = PBXTargetDependency;
			target = 3DF0B7C81C30C98D0071CCE8 /* reproductor */;
			targetProxy = 3DF0B7DE1C30C98D0071CCE8 /* PBXContainerItemProxy */;
		};
		3DF0B7EA1C30C98D0071CCE8 /* PBXTargetDependency */ = {
			isa = PBXTargetDependency;
			target = 3DF0B7C81C30C98D0071CCE8 /* reproductor */;
			targetProxy = 3DF0B7E91C30C98D0071CCE8 /* PBXContainerItemProxy */;
		};
/* End PBXTargetDependency section */

/* Begin PBXVariantGroup section */
		3DF0B7D01C30C98D0071CCE8 /* Main.storyboard */ = {
			isa = PBXVariantGroup;
			children = (
				3DF0B7D11C30C98D0071CCE8 /* Base */,
			);
			name = Main.storyboard;
			sourceTree = "<group>";
		};
		3DF0B7D51C30C98D0071CCE8 /* LaunchScreen.storyboard */ = {
			isa = PBXVariantGroup;
			children = (
				3DF0B7D61C30C98D0071CCE8 /* Base */,
			);
			name = LaunchScreen.storyboard;
			sourceTree = "<group>";
		};
/* End PBXVariantGroup section */

/* Begin XCBuildConfiguration section */
		3DF0B7EF1C30C98D0071CCE8 /* Debug */ = {
			isa = XCBuildConfiguration;
			buildSettings = {
				ALWAYS_SEARCH_USER_PATHS = NO;
				CLANG_CXX_LANGUAGE_STANDARD = "gnu++0x";
				CLANG_CXX_LIBRARY = "libc++";
				CLANG_ENABLE_MODULES = YES;
				CLANG_ENABLE_OBJC_ARC = YES;
				CLANG_WARN_BOOL_CONVERSION = YES;
				CLANG_WARN_CONSTANT_CONVERSION = YES;
				CLANG_WARN_DIRECT_OBJC_ISA_USAGE = YES_ERROR;
				CLANG_WARN_EMPTY_BODY = YES;
				CLANG_WARN_ENUM_CONVERSION = YES;
				CLANG_WARN_INT_CONVERSION = YES;
				CLANG_WARN_OBJC_ROOT_CLASS = YES_ERROR;
				CLANG_WARN_UNREACHABLE_CODE = YES;
				CLANG_WARN__DUPLICATE_METHOD_MATCH = YES;
				"CODE_SIGN_IDENTITY[sdk=iphoneos*]" = "iPhone Developer";
				COPY_PHASE_STRIP = NO;
				DEBUG_INFORMATION_FORMAT = dwarf;
				ENABLE_STRICT_OBJC_MSGSEND = YES;
				ENABLE_TESTABILITY = YES;
				GCC_C_LANGUAGE_STANDARD = gnu99;
				GCC_DYNAMIC_NO_PIC = NO;
				GCC_NO_COMMON_BLOCKS = YES;
				GCC_OPTIMIZATION_LEVEL = 0;
				GCC_PREPROCESSOR_DEFINITIONS = (
					"DEBUG=1",
					"$(inherited)",
				);
				GCC_WARN_64_TO_32_BIT_CONVERSION = YES;
				GCC_WARN_ABOUT_RETURN_TYPE = YES_ERROR;
				GCC_WARN_UNDECLARED_SELECTOR = YES;
				GCC_WARN_UNINITIALIZED_AUTOS = YES_AGGRESSIVE;
				GCC_WARN_UNUSED_FUNCTION = YES;
				GCC_WARN_UNUSED_VARIABLE = YES;
				IPHONEOS_DEPLOYMENT_TARGET = 9.2;
				MTL_ENABLE_DEBUG_INFO = YES;
				ONLY_ACTIVE_ARCH = YES;
				SDKROOT = iphoneos;
				SWIFT_OPTIMIZATION_LEVEL = "-Onone";
				TARGETED_DEVICE_FAMILY = "1,2";
			};
			name = Debug;
		};
		3DF0B7F01C30C98D0071CCE8 /* Release */ = {
			isa = XCBuildConfiguration;
			buildSettings = {
				ALWAYS_SEARCH_USER_PATHS = NO;
				CLANG_CXX_LANGUAGE_STANDARD = "gnu++0x";
				CLANG_CXX_LIBRARY = "libc++";
				CLANG_ENABLE_MODULES = YES;
				CLANG_ENABLE_OBJC_ARC = YES;
				CLANG_WARN_BOOL_CONVERSION = YES;
				CLANG_WARN_CONSTANT_CONVERSION = YES;
				CLANG_WARN_DIRECT_OBJC_ISA_USAGE = YES_ERROR;
				CLANG_WARN_EMPTY_BODY = YES;
				CLANG_WARN_ENUM_CONVERSION = YES;
				CLANG_WARN_INT_CONVERSION = YES;
				CLANG_WARN_OBJC_ROOT_CLASS = YES_ERROR;
				CLANG_WARN_UNREACHABLE_CODE = YES;
				CLANG_WARN__DUPLICATE_METHOD_MATCH = YES;
				"CODE_SIGN_IDENTITY[sdk=iphoneos*]" = "iPhone Developer";
				COPY_PHASE_STRIP = NO;
				DEBUG_INFORMATION_FORMAT = "dwarf-with-dsym";
				ENABLE_NS_ASSERTIONS = NO;
				ENABLE_STRICT_OBJC_MSGSEND = YES;
				GCC_C_LANGUAGE_STANDARD = gnu99;
				GCC_NO_COMMON_BLOCKS = YES;
				GCC_WARN_64_TO_32_BIT_CONVERSION = YES;
				GCC_WARN_ABOUT_RETURN_TYPE = YES_ERROR;
				GCC_WARN_UNDECLARED_SELECTOR = YES;
				GCC_WARN_UNINITIALIZED_AUTOS = YES_AGGRESSIVE;
				GCC_WARN_UNUSED_FUNCTION = YES;
				GCC_WARN_UNUSED_VARIABLE = YES;
				IPHONEOS_DEPLOYMENT_TARGET = 9.2;
				MTL_ENABLE_DEBUG_INFO = NO;
				SDKROOT = iphoneos;
				TARGETED_DEVICE_FAMILY = "1,2";
				VALIDATE_PRODUCT = YES;
			};
			name = Release;
		};
		3DF0B7F21C30C98D0071CCE8 /* Debug */ = {
			isa = XCBuildConfiguration;
			buildSettings = {
				ASSETCATALOG_COMPILER_APPICON_NAME = AppIcon;
				INFOPLIST_FILE = reproductor/Info.plist;
				LD_RUNPATH_SEARCH_PATHS = "$(inherited) @executable_path/Frameworks";
				PRODUCT_BUNDLE_IDENTIFIER = com.reproductor;
				PRODUCT_NAME = "$(TARGET_NAME)";
			};
			name = Debug;
		};
		3DF0B7F31C30C98D0071CCE8 /* Release */ = {
			isa = XCBuildConfiguration;
			buildSettings = {
				ASSETCATALOG_COMPILER_APPICON_NAME = AppIcon;
				INFOPLIST_FILE = reproductor/Info.plist;
				LD_RUNPATH_SEARCH_PATHS = "$(inherited) @executable_path/Frameworks";
				PRODUCT_BUNDLE_IDENTIFIER = com.reproductor;
				PRODUCT_NAME = "$(TARGET_NAME)";
			};
			name = Release;
		};
		3DF0B7F51C30C98D0071CCE8 /* Debug */ = {
			isa = XCBuildConfiguration;
			buildSettings = {
				BUNDLE_LOADER = "$(TEST_HOST)";
				INFOPLIST_FILE = reproductorTests/Info.plist;
				LD_RUNPATH_SEARCH_PATHS = "$(inherited) @executable_path/Frameworks @loader_path/Frameworks";
				PRODUCT_BUNDLE_IDENTIFIER = com.reproductorTests;
				PRODUCT_NAME = "$(TARGET_NAME)";
				TEST_HOST = "$(BUILT_PRODUCTS_DIR)/reproductor.app/reproductor";
			};
			name = Debug;
		};
		3DF0B7F61C30C98D0071CCE8 /* Release */ = {
			isa = XCBuildConfiguration;
			buildSettings = {
				BUNDLE_LOADER = "$(TEST_HOST)";
				INFOPLIST_FILE = reproductorTests/Info.plist;
				LD_RUNPATH_SEARCH_PATHS = "$(inherited) @executable_path/Frameworks @loader_path/Frameworks";
				PRODUCT_BUNDLE_IDENTIFIER = com.reproductorTests;
				PRODUCT_NAME = "$(TARGET_NAME)";
				TEST_HOST = "$(BUILT_PRODUCTS_DIR)/reproductor.app/reproductor";
			};
			name = Release;
		};
		3DF0B7F81C30C98D0071CCE8 /* Debug */ = {
			isa = XCBuildConfiguration;
			buildSettings = {
				INFOPLIST_FILE = reproductorUITests/Info.plist;
				LD_RUNPATH_SEARCH_PATHS = "$(inherited) @executable_path/Frameworks @loader_path/Frameworks";
				PRODUCT_BUNDLE_IDENTIFIER = com.reproductorUITests;
				PRODUCT_NAME = "$(TARGET_NAME)";
				TEST_TARGET_NAME = reproductor;
				USES_XCTRUNNER = YES;
			};
			name = Debug;
		};
		3DF0B7F91C30C98D0071CCE8 /* Release */ = {
			isa = XCBuildConfiguration;
			buildSettings = {
				INFOPLIST_FILE = reproductorUITests/Info.plist;
				LD_RUNPATH_SEARCH_PATHS = "$(inherited) @executable_path/Frameworks @loader_path/Frameworks";
				PRODUCT_BUNDLE_IDENTIFIER = com.reproductorUITests;
				PRODUCT_NAME = "$(TARGET_NAME)";
				TEST_TARGET_NAME = reproductor;
				USES_XCTRUNNER = YES;
			};
			name = Release;
		};
/* End XCBuildConfiguration section */

/* Begin XCConfigurationList section */
		3DF0B7C41C30C98D0071CCE8 /* Build configuration list for PBXProject "reproductor" */ = {
			isa = XCConfigurationList;
			buildConfigurations = (
				3DF0B7EF1C30C98D0071CCE8 /* Debug */,
				3DF0B7F01C30C98D0071CCE8 /* Release */,
			);
			defaultConfigurationIsVisible = 0;
			defaultConfigurationName = Release;
		};
		3DF0B7F11C30C98D0071CCE8 /* Build configuration list for PBXNativeTarget "reproductor" */ = {
			isa = XCConfigurationList;
			buildConfigurations = (
				3DF0B7F21C30C98D0071CCE8 /* Debug */,
				3DF0B7F31C30C98D0071CCE8 /* Release */,
			);
			defaultConfigurationIsVisible = 0;
			defaultConfigurationName = Release;
		};
		3DF0B7F41C30C98D0071CCE8 /* Build configuration list for PBXNativeTarget "reproductorTests" */ = {
			isa = XCConfigurationList;
			buildConfigurations = (
				3DF0B7F51C30C98D0071CCE8 /* Debug */,
				3DF0B7F61C30C98D0071CCE8 /* Release */,
			);
			defaultConfigurationIsVisible = 0;
			defaultConfigurationName = Release;
		};
		3DF0B7F71C30C98D0071CCE8 /* Build configuration list for PBXNativeTarget "reproductorUITests" */ = {
			isa = XCConfigurationList;
			buildConfigurations = (
				3DF0B7F81C30C98D0071CCE8 /* Debug */,
				3DF0B7F91C30C98D0071CCE8 /* Release */,
			);
			defaultConfigurationIsVisible = 0;
			defaultConfigurationName = Release;
		};
/* End XCConfigurationList section */
	};
	rootObject = 3DF0B7C11C30C98D0071CCE8 /* Project object */;
}
